<?xml version="1.0" encoding="UTF-8" standalone="yes" ?>
<CodeBlocks_project_file>
	<FileVersion major="1" minor="6" />
	<Project>
		<Option title="OPAI" />
		<Option pch_mode="2" />
		<Option compiler="gcc" />
		<Build>
			<Target title="Debug x32">
				<Option output="bin/Debug/OPAI" prefix_auto="1" extension_auto="1" />
				<Option object_output="obj/Debug/" />
				<Option type="1" />
				<Option compiler="gcc" />
				<Compiler>
					<Add option="-g" />
					<Add option="-m32 -std=c++0x -fopenmp" />
					<Add option="-DLINUX" />
					<Add option="-DENVIRONMENT_32" />
				</Compiler>
				<Linker>
					<Add option="-m32 -lrt -lboost_random -fopenmp" />
				</Linker>
			</Target>
			<Target title="Release x32">
				<Option output="bin/Release/OPAI" prefix_auto="1" extension_auto="1" />
				<Option object_output="obj/Release/" />
				<Option type="1" />
				<Option compiler="gcc" />
				<Compiler>
					<Add option="-O2" />
					<Add option="-m32 -std=c++0x -fopenmp" />
					<Add option="-DLINUX" />
					<Add option="-DENVIRONMENT_32" />
				</Compiler>
				<Linker>
					<Add option="-s" />
					<Add option="-m32 -lrt -lboost_random -fopenmp -zmuldefs" />
				</Linker>
			</Target>
		</Build>
		<Compiler>
			<Add option="-Wall" />
			<Add option="-fexceptions" />
		</Compiler>
		<Unit filename="basic_types.h" />
		<Unit filename="bot.cpp" />
		<Unit filename="bot.h" />
		<Unit filename="config.h" />
		<Unit filename="field.cpp" />
		<Unit filename="field.h" />
		<Unit filename="field_serializer.cpp" />
		<Unit filename="field_serializer.h" />
		<Unit filename="main.cpp" />
		<Unit filename="minimax.cpp" />
		<Unit filename="minimax.h" />
		<Unit filename="mtdf.cpp" />
		<Unit filename="mtdf.h" />
		<Unit filename="player.h" />
		<Unit filename="position_estimate.cpp" />
		<Unit filename="position_estimate.h" />
		<Unit filename="time.h" />
		<Unit filename="trajectories.h" />
		<Unit filename="trajectory.h" />
		<Unit filename="uct.cpp" />
		<Unit filename="uct.h" />
		<Unit filename="zobrist.h" />
		<Extensions>
			<envvars />
			<code_completion />
			<debugger />
			<lib_finder disable_auto="1" />
		</Extensions>
	</Project>
</CodeBlocks_project_file>
